
Microsoft Visual Studio Solution File, Format Version 12.00
# Visual Studio 15
VisualStudioVersion = 15.0.28307.489
MinimumVisualStudioVersion = 10.0.40219.1
Project("{9A19103F-16F7-4668-BE54-9A1E7A4F7556}") = "Pudding.Core", "src\Pudding.Core\Pudding.Core.csproj", "{987E7E3A-02C6-493E-B4A4-1526A0D10B3E}"
EndProject
Project("{9A19103F-16F7-4668-BE54-9A1E7A4F7556}") = "Pudding.Web", "src\Pudding.Web\Pudding.Web.csproj", "{EB8ECE54-73DC-492D-A175-A1FCC715B4F9}"
EndProject
Project("{2150E333-8FDC-42A3-9474-1A3956D46DE8}") = "simple", "simple", "{74006894-EF15-4C0A-A2A0-11A748E044E7}"
EndProject
Project("{FAE04EC0-301F-11D3-BF4B-00C04F79EFBC}") = "Pudding.Test", "simple\Pudding.Test\Pudding.Test.csproj", "{7ED6011E-6AC1-4577-9313-50C16D305A8F}"
EndProject
Global
	GlobalSection(SolutionConfigurationPlatforms) = preSolution
		Debug|Any CPU = Debug|Any CPU
		Release|Any CPU = Release|Any CPU
	EndGlobalSection
	GlobalSection(ProjectConfigurationPlatforms) = postSolution
		{987E7E3A-02C6-493E-B4A4-1526A0D10B3E}.Debug|Any CPU.ActiveCfg = Debug|Any CPU
		{987E7E3A-02C6-493E-B4A4-1526A0D10B3E}.Debug|Any CPU.Build.0 = Debug|Any CPU
		{987E7E3A-02C6-493E-B4A4-1526A0D10B3E}.Release|Any CPU.ActiveCfg = Release|Any CPU
		{987E7E3A-02C6-493E-B4A4-1526A0D10B3E}.Release|Any CPU.Build.0 = Release|Any CPU
		{EB8ECE54-73DC-492D-A175-A1FCC715B4F9}.Debug|Any CPU.ActiveCfg = Debug|Any CPU
		{EB8ECE54-73DC-492D-A175-A1FCC715B4F9}.Debug|Any CPU.Build.0 = Debug|Any CPU
		{EB8ECE54-73DC-492D-A175-A1FCC715B4F9}.Release|Any CPU.ActiveCfg = Release|Any CPU
		{EB8ECE54-73DC-492D-A175-A1FCC715B4F9}.Release|Any CPU.Build.0 = Release|Any CPU
		{7ED6011E-6AC1-4577-9313-50C16D305A8F}.Debug|Any CPU.ActiveCfg = Debug|Any CPU
		{7ED6011E-6AC1-4577-9313-50C16D305A8F}.Debug|Any CPU.Build.0 = Debug|Any CPU
		{7ED6011E-6AC1-4577-9313-50C16D305A8F}.Release|Any CPU.ActiveCfg = Release|Any CPU
		{7ED6011E-6AC1-4577-9313-50C16D305A8F}.Release|Any CPU.Build.0 = Release|Any CPU
	EndGlobalSection
	GlobalSection(SolutionProperties) = preSolution
		HideSolutionNode = FALSE
	EndGlobalSection
	GlobalSection(NestedProjects) = preSolution
		{7ED6011E-6AC1-4577-9313-50C16D305A8F} = {74006894-EF15-4C0A-A2A0-11A748E044E7}
	EndGlobalSection
	GlobalSection(ExtensibilityGlobals) = postSolution
		SolutionGuid = {858D0114-E73C-48BC-95C0-3E710FC2047E}
	EndGlobalSection
EndGlobal
